// !$*UTF8*$!
{
	archiveVersion = 1;
	classes = {
	};
	objectVersion = 46;
	objects = {

/* Begin PBXBuildFile section */
		F52F3A12196AE9F800D7901E /* Foundation.framework in Frameworks */ = {isa = PBXBuildFile; fileRef = F52F3A11196AE9F800D7901E /* Foundation.framework */; };
		F52F3A14196AE9F800D7901E /* CoreGraphics.framework in Frameworks */ = {isa = PBXBuildFile; fileRef = F52F3A13196AE9F800D7901E /* CoreGraphics.framework */; };
		F52F3A16196AE9F800D7901E /* UIKit.framework in Frameworks */ = {isa = PBXBuildFile; fileRef = F52F3A15196AE9F800D7901E /* UIKit.framework */; };
		F52F3A1C196AE9F800D7901E /* InfoPlist.strings in Resources */ = {isa = PBXBuildFile; fileRef = F52F3A1A196AE9F800D7901E /* InfoPlist.strings */; };
		F52F3A1E196AE9F800D7901E /* main.m in Sources */ = {isa = PBXBuildFile; fileRef = F52F3A1D196AE9F800D7901E /* main.m */; };
		F52F3A22196AE9F800D7901E /* AppDelegate.m in Sources */ = {isa = PBXBuildFile; fileRef = F52F3A21196AE9F800D7901E /* AppDelegate.m */; };
		F52F3A25196AE9F800D7901E /* RootViewController.m in Sources */ = {isa = PBXBuildFile; fileRef = F52F3A24196AE9F800D7901E /* RootViewController.m */; };
		F52F3A28196AE9F800D7901E /* DataViewController.m in Sources */ = {isa = PBXBuildFile; fileRef = F52F3A27196AE9F800D7901E /* DataViewController.m */; };
		F52F3A2B196AE9F800D7901E /* ModelController.m in Sources */ = {isa = PBXBuildFile; fileRef = F52F3A2A196AE9F800D7901E /* ModelController.m */; };
		F52F3A2E196AE9F800D7901E /* Main.storyboard in Resources */ = {isa = PBXBuildFile; fileRef = F52F3A2C196AE9F800D7901E /* Main.storyboard */; };
		F52F3A30196AE9F800D7901E /* Images.xcassets in Resources */ = {isa = PBXBuildFile; fileRef = F52F3A2F196AE9F800D7901E /* Images.xcassets */; };
		F52F3A37196AE9F800D7901E /* XCTest.framework in Frameworks */ = {isa = PBXBuildFile; fileRef = F52F3A36196AE9F800D7901E /* XCTest.framework */; };
		F52F3A38196AE9F800D7901E /* Foundation.framework in Frameworks */ = {isa = PBXBuildFile; fileRef = F52F3A11196AE9F800D7901E /* Foundation.framework */; };
		F52F3A39196AE9F800D7901E /* UIKit.framework in Frameworks */ = {isa = PBXBuildFile; fileRef = F52F3A15196AE9F800D7901E /* UIKit.framework */; };
		F52F3A41196AE9F800D7901E /* InfoPlist.strings in Resources */ = {isa = PBXBuildFile; fileRef = F52F3A3F196AE9F800D7901E /* InfoPlist.strings */; };
		F52F3A43196AE9F800D7901E /* iedaTests.m in Sources */ = {isa = PBXBuildFile; fileRef = F52F3A42196AE9F800D7901E /* iedaTests.m */; };
/* End PBXBuildFile section */

/* Begin PBXContainerItemProxy section */
		F52F3A3A196AE9F800D7901E /* PBXContainerItemProxy */ = {
			isa = PBXContainerItemProxy;
			containerPortal = F52F3A06196AE9F800D7901E /* Project object */;
			proxyType = 1;
			remoteGlobalIDString = F52F3A0D196AE9F800D7901E;
			remoteInfo = ieda;
		};
/* End PBXContainerItemProxy section */

/* Begin PBXFileReference section */
		F52F3A0E196AE9F800D7901E /* ieda.app */ = {isa = PBXFileReference; explicitFileType = wrapper.application; includeInIndex = 0; path = ieda.app; sourceTree = BUILT_PRODUCTS_DIR; };
		F52F3A11196AE9F800D7901E /* Foundation.framework */ = {isa = PBXFileReference; lastKnownFileType = wrapper.framework; name = Foundation.framework; path = System/Library/Frameworks/Foundation.framework; sourceTree = SDKROOT; };
		F52F3A13196AE9F800D7901E /* CoreGraphics.framework */ = {isa = PBXFileReference; lastKnownFileType = wrapper.framework; name = CoreGraphics.framework; path = System/Library/Frameworks/CoreGraphics.framework; sourceTree = SDKROOT; };
		F52F3A15196AE9F800D7901E /* UIKit.framework */ = {isa = PBXFileReference; lastKnownFileType = wrapper.framework; name = UIKit.framework; path = System/Library/Frameworks/UIKit.framework; sourceTree = SDKROOT; };
		F52F3A19196AE9F800D7901E /* ieda-Info.plist */ = {isa = PBXFileReference; lastKnownFileType = text.plist.xml; path = "ieda-Info.plist"; sourceTree = "<group>"; };
		F52F3A1B196AE9F800D7901E /* en */ = {isa = PBXFileReference; lastKnownFileType = text.plist.strings; name = en; path = en.lproj/InfoPlist.strings; sourceTree = "<group>"; };
		F52F3A1D196AE9F800D7901E /* main.m */ = {isa = PBXFileReference; lastKnownFileType = sourcecode.c.objc; path = main.m; sourceTree = "<group>"; };
		F52F3A1F196AE9F800D7901E /* ieda-Prefix.pch */ = {isa = PBXFileReference; lastKnownFileType = sourcecode.c.h; path = "ieda-Prefix.pch"; sourceTree = "<group>"; };
		F52F3A20196AE9F800D7901E /* AppDelegate.h */ = {isa = PBXFileReference; lastKnownFileType = sourcecode.c.h; path = AppDelegate.h; sourceTree = "<group>"; };
		F52F3A21196AE9F800D7901E /* AppDelegate.m */ = {isa = PBXFileReference; lastKnownFileType = sourcecode.c.objc; path = AppDelegate.m; sourceTree = "<group>"; };
		F52F3A23196AE9F800D7901E /* RootViewController.h */ = {isa = PBXFileReference; lastKnownFileType = sourcecode.c.h; path = RootViewController.h; sourceTree = "<group>"; };
		F52F3A24196AE9F800D7901E /* RootViewController.m */ = {isa = PBXFileReference; lastKnownFileType = sourcecode.c.objc; path = RootViewController.m; sourceTree = "<group>"; };
		F52F3A26196AE9F800D7901E /* DataViewController.h */ = {isa = PBXFileReference; lastKnownFileType = sourcecode.c.h; path = DataViewController.h; sourceTree = "<group>"; };
		F52F3A27196AE9F800D7901E /* DataViewController.m */ = {isa = PBXFileReference; lastKnownFileType = sourcecode.c.objc; path = DataViewController.m; sourceTree = "<group>"; };
		F52F3A29196AE9F800D7901E /* ModelController.h */ = {isa = PBXFileReference; lastKnownFileType = sourcecode.c.h; path = ModelController.h; sourceTree = "<group>"; };
		F52F3A2A196AE9F800D7901E /* ModelController.m */ = {isa = PBXFileReference; lastKnownFileType = sourcecode.c.objc; path = ModelController.m; sourceTree = "<group>"; };
		F52F3A2D196AE9F800D7901E /* Base */ = {isa = PBXFileReference; lastKnownFileType = file.storyboard; name = Base; path = Base.lproj/Main.storyboard; sourceTree = "<group>"; };
		F52F3A2F196AE9F800D7901E /* Images.xcassets */ = {isa = PBXFileReference; lastKnownFileType = folder.assetcatalog; path = Images.xcassets; sourceTree = "<group>"; };
		F52F3A35196AE9F800D7901E /* iedaTests.xctest */ = {isa = PBXFileReference; explicitFileType = wrapper.cfbundle; includeInIndex = 0; path = iedaTests.xctest; sourceTree = BUILT_PRODUCTS_DIR; };
		F52F3A36196AE9F800D7901E /* XCTest.framework */ = {isa = PBXFileReference; lastKnownFileType = wrapper.framework; name = XCTest.framework; path = Library/Frameworks/XCTest.framework; sourceTree = DEVELOPER_DIR; };
		F52F3A3E196AE9F800D7901E /* iedaTests-Info.plist */ = {isa = PBXFileReference; lastKnownFileType = text.plist.xml; path = "iedaTests-Info.plist"; sourceTree = "<group>"; };
		F52F3A40196AE9F800D7901E /* en */ = {isa = PBXFileReference; lastKnownFileType = text.plist.strings; name = en; path = en.lproj/InfoPlist.strings; sourceTree = "<group>"; };
		F52F3A42196AE9F800D7901E /* iedaTests.m */ = {isa = PBXFileReference; lastKnownFileType = sourcecode.c.objc; path = iedaTests.m; sourceTree = "<group>"; };
/* End PBXFileReference section */

/* Begin PBXFrameworksBuildPhase section */
		F52F3A0B196AE9F800D7901E /* Frameworks */ = {
			isa = PBXFrameworksBuildPhase;
			buildActionMask = 2147483647;
			files = (
				F52F3A14196AE9F800D7901E /* CoreGraphics.framework in Frameworks */,
				F52F3A16196AE9F800D7901E /* UIKit.framework in Frameworks */,
				F52F3A12196AE9F800D7901E /* Foundation.framework in Frameworks */,
			);
			runOnlyForDeploymentPostprocessing = 0;
		};
		F52F3A32196AE9F800D7901E /* Frameworks */ = {
			isa = PBXFrameworksBuildPhase;
			buildActionMask = 2147483647;
			files = (
				F52F3A37196AE9F800D7901E /* XCTest.framework in Frameworks */,
				F52F3A39196AE9F800D7901E /* UIKit.framework in Frameworks */,
				F52F3A38196AE9F800D7901E /* Foundation.framework in Frameworks */,
			);
			runOnlyForDeploymentPostprocessing = 0;
		};
/* End PBXFrameworksBuildPhase section */

/* Begin PBXGroup section */
		F52F3A05196AE9F800D7901E = {
			isa = PBXGroup;
			children = (
				F52F3A17196AE9F800D7901E /* ieda */,
				F52F3A3C196AE9F800D7901E /* iedaTests */,
				F52F3A10196AE9F800D7901E /* Frameworks */,
				F52F3A0F196AE9F800D7901E /* Products */,
			);
			sourceTree = "<group>";
		};
		F52F3A0F196AE9F800D7901E /* Products */ = {
			isa = PBXGroup;
			children = (
				F52F3A0E196AE9F800D7901E /* ieda.app */,
				F52F3A35196AE9F800D7901E /* iedaTests.xctest */,
			);
			name = Products;
			sourceTree = "<group>";
		};
		F52F3A10196AE9F800D7901E /* Frameworks */ = {
			isa = PBXGroup;
			children = (
				F52F3A11196AE9F800D7901E /* Foundation.framework */,
				F52F3A13196AE9F800D7901E /* CoreGraphics.framework */,
				F52F3A15196AE9F800D7901E /* UIKit.framework */,
				F52F3A36196AE9F800D7901E /* XCTest.framework */,
			);
			name = Frameworks;
			sourceTree = "<group>";
		};
		F52F3A17196AE9F800D7901E /* ieda */ = {
			isa = PBXGroup;
			children = (
				F52F3A20196AE9F800D7901E /* AppDelegate.h */,
				F52F3A21196AE9F800D7901E /* AppDelegate.m */,
				F52F3A23196AE9F800D7901E /* RootViewController.h */,
				F52F3A24196AE9F800D7901E /* RootViewController.m */,
				F52F3A26196AE9F800D7901E /* DataViewController.h */,
				F52F3A27196AE9F800D7901E /* DataViewController.m */,
				F52F3A29196AE9F800D7901E /* ModelController.h */,
				F52F3A2A196AE9F800D7901E /* ModelController.m */,
				F52F3A2C196AE9F800D7901E /* Main.storyboard */,
				F52F3A2F196AE9F800D7901E /* Images.xcassets */,
				F52F3A18196AE9F800D7901E /* Supporting Files */,
			);
			path = ieda;
			sourceTree = "<group>";
		};
		F52F3A18196AE9F800D7901E /* Supporting Files */ = {
			isa = PBXGroup;
			children = (
				F52F3A19196AE9F800D7901E /* ieda-Info.plist */,
				F52F3A1A196AE9F800D7901E /* InfoPlist.strings */,
				F52F3A1D196AE9F800D7901E /* main.m */,
				F52F3A1F196AE9F800D7901E /* ieda-Prefix.pch */,
			);
			name = "Supporting Files";
			sourceTree = "<group>";
		};
		F52F3A3C196AE9F800D7901E /* iedaTests */ = {
			isa = PBXGroup;
			children = (
				F52F3A42196AE9F800D7901E /* iedaTests.m */,
				F52F3A3D196AE9F800D7901E /* Supporting Files */,
			);
			path = iedaTests;
			sourceTree = "<group>";
		};
		F52F3A3D196AE9F800D7901E /* Supporting Files */ = {
			isa = PBXGroup;
			children = (
				F52F3A3E196AE9F800D7901E /* iedaTests-Info.plist */,
				F52F3A3F196AE9F800D7901E /* InfoPlist.strings */,
			);
			name = "Supporting Files";
			sourceTree = "<group>";
		};
/* End PBXGroup section */

/* Begin PBXNativeTarget section */
		F52F3A0D196AE9F800D7901E /* ieda */ = {
			isa = PBXNativeTarget;
			buildConfigurationList = F52F3A46196AE9F800D7901E /* Build configuration list for PBXNativeTarget "ieda" */;
			buildPhases = (
				F52F3A0A196AE9F800D7901E /* Sources */,
				F52F3A0B196AE9F800D7901E /* Frameworks */,
				F52F3A0C196AE9F800D7901E /* Resources */,
			);
			buildRules = (
			);
			dependencies = (
			);
			name = ieda;
			productName = ieda;
			productReference = F52F3A0E196AE9F800D7901E /* ieda.app */;
			productType = "com.apple.product-type.application";
		};
		F52F3A34196AE9F800D7901E /* iedaTests */ = {
			isa = PBXNativeTarget;
			buildConfigurationList = F52F3A49196AE9F800D7901E /* Build configuration list for PBXNativeTarget "iedaTests" */;
			buildPhases = (
				F52F3A31196AE9F800D7901E /* Sources */,
				F52F3A32196AE9F800D7901E /* Frameworks */,
				F52F3A33196AE9F800D7901E /* Resources */,
			);
			buildRules = (
			);
			dependencies = (
				F52F3A3B196AE9F800D7901E /* PBXTargetDependency */,
			);
			name = iedaTests;
			productName = iedaTests;
			productReference = F52F3A35196AE9F800D7901E /* iedaTests.xctest */;
			productType = "com.apple.product-type.bundle.unit-test";
		};
/* End PBXNativeTarget section */

/* Begin PBXProject section */
		F52F3A06196AE9F800D7901E /* Project object */ = {
			isa = PBXProject;
			attributes = {
				LastUpgradeCheck = 0510;
				ORGANIZATIONNAME = "Tetherless World Constellation";
				TargetAttributes = {
					F52F3A34196AE9F800D7901E = {
						TestTargetID = F52F3A0D196AE9F800D7901E;
					};
				};
			};
			buildConfigurationList = F52F3A09196AE9F800D7901E /* Build configuration list for PBXProject "ieda" */;
			compatibilityVersion = "Xcode 3.2";
			developmentRegion = English;
			hasScannedForEncodings = 0;
			knownRegions = (
				en,
				Base,
			);
			mainGroup = F52F3A05196AE9F800D7901E;
			productRefGroup = F52F3A0F196AE9F800D7901E /* Products */;
			projectDirPath = "";
			projectRoot = "";
			targets = (
				F52F3A0D196AE9F800D7901E /* ieda */,
				F52F3A34196AE9F800D7901E /* iedaTests */,
			);
		};
/* End PBXProject section */

/* Begin PBXResourcesBuildPhase section */
		F52F3A0C196AE9F800D7901E /* Resources */ = {
			isa = PBXResourcesBuildPhase;
			buildActionMask = 2147483647;
			files = (
				F52F3A30196AE9F800D7901E /* Images.xcassets in Resources */,
				F52F3A1C196AE9F800D7901E /* InfoPlist.strings in Resources */,
				F52F3A2E196AE9F800D7901E /* Main.storyboard in Resources */,
			);
			runOnlyForDeploymentPostprocessing = 0;
		};
		F52F3A33196AE9F800D7901E /* Resources */ = {
			isa = PBXResourcesBuildPhase;
			buildActionMask = 2147483647;
			files = (
				F52F3A41196AE9F800D7901E /* InfoPlist.strings in Resources */,
			);
			runOnlyForDeploymentPostprocessing = 0;
		};
/* End PBXResourcesBuildPhase section */

/* Begin PBXSourcesBuildPhase section */
		F52F3A0A196AE9F800D7901E /* Sources */ = {
			isa = PBXSourcesBuildPhase;
			buildActionMask = 2147483647;
			files = (
				F52F3A28196AE9F800D7901E /* DataViewController.m in Sources */,
				F52F3A22196AE9F800D7901E /* AppDelegate.m in Sources */,
				F52F3A2B196AE9F800D7901E /* ModelController.m in Sources */,
				F52F3A1E196AE9F800D7901E /* main.m in Sources */,
				F52F3A25196AE9F800D7901E /* RootViewController.m in Sources */,
			);
			runOnlyForDeploymentPostprocessing = 0;
		};
		F52F3A31196AE9F800D7901E /* Sources */ = {
			isa = PBXSourcesBuildPhase;
			buildActionMask = 2147483647;
			files = (
				F52F3A43196AE9F800D7901E /* iedaTests.m in Sources */,
			);
			runOnlyForDeploymentPostprocessing = 0;
		};
/* End PBXSourcesBuildPhase section */

/* Begin PBXTargetDependency section */
		F52F3A3B196AE9F800D7901E /* PBXTargetDependency */ = {
			isa = PBXTargetDependency;
			target = F52F3A0D196AE9F800D7901E /* ieda */;
			targetProxy = F52F3A3A196AE9F800D7901E /* PBXContainerItemProxy */;
		};
/* End PBXTargetDependency section */

/* Begin PBXVariantGroup section */
		F52F3A1A196AE9F800D7901E /* InfoPlist.strings */ = {
			isa = PBXVariantGroup;
			children = (
				F52F3A1B196AE9F800D7901E /* en */,
			);
			name = InfoPlist.strings;
			sourceTree = "<group>";
		};
		F52F3A2C196AE9F800D7901E /* Main.storyboard */ = {
			isa = PBXVariantGroup;
			children = (
				F52F3A2D196AE9F800D7901E /* Base */,
			);
			name = Main.storyboard;
			sourceTree = "<group>";
		};
		F52F3A3F196AE9F800D7901E /* InfoPlist.strings */ = {
			isa = PBXVariantGroup;
			children = (
				F52F3A40196AE9F800D7901E /* en */,
			);
			name = InfoPlist.strings;
			sourceTree = "<group>";
		};
/* End PBXVariantGroup section */

/* Begin XCBuildConfiguration section */
		F52F3A44196AE9F800D7901E /* Debug */ = {
			isa = XCBuildConfiguration;
			buildSettings = {
				ALWAYS_SEARCH_USER_PATHS = NO;
				CLANG_CXX_LANGUAGE_STANDARD = "gnu++0x";
				CLANG_CXX_LIBRARY = "libc++";
				CLANG_ENABLE_MODULES = YES;
				CLANG_ENABLE_OBJC_ARC = YES;
				CLANG_WARN_BOOL_CONVERSION = YES;
				CLANG_WARN_CONSTANT_CONVERSION = YES;
				CLANG_WARN_DIRECT_OBJC_ISA_USAGE = YES_ERROR;
				CLANG_WARN_EMPTY_BODY = YES;
				CLANG_WARN_ENUM_CONVERSION = YES;
				CLANG_WARN_INT_CONVERSION = YES;
				CLANG_WARN_OBJC_ROOT_CLASS = YES_ERROR;
				CLANG_WARN__DUPLICATE_METHOD_MATCH = YES;
				"CODE_SIGN_IDENTITY[sdk=iphoneos*]" = "iPhone Developer";
				COPY_PHASE_STRIP = NO;
				GCC_C_LANGUAGE_STANDARD = gnu99;
				GCC_DYNAMIC_NO_PIC = NO;
				GCC_OPTIMIZATION_LEVEL = 0;
				GCC_PREPROCESSOR_DEFINITIONS = (
					"DEBUG=1",
					"$(inherited)",
				);
				GCC_SYMBOLS_PRIVATE_EXTERN = NO;
				GCC_WARN_64_TO_32_BIT_CONVERSION = YES;
				GCC_WARN_ABOUT_RETURN_TYPE = YES_ERROR;
				GCC_WARN_UNDECLARED_SELECTOR = YES;
				GCC_WARN_UNINITIALIZED_AUTOS = YES_AGGRESSIVE;
				GCC_WARN_UNUSED_FUNCTION = YES;
				GCC_WARN_UNUSED_VARIABLE = YES;
				IPHONEOS_DEPLOYMENT_TARGET = 7.1;
				ONLY_ACTIVE_ARCH = YES;
				SDKROOT = iphoneos;
			};
			name = Debug;
		};
		F52F3A45196AE9F800D7901E /* Release */ = {
			isa = XCBuildConfiguration;
			buildSettings = {
				ALWAYS_SEARCH_USER_PATHS = NO;
				CLANG_CXX_LANGUAGE_STANDARD = "gnu++0x";
				CLANG_CXX_LIBRARY = "libc++";
				CLANG_ENABLE_MODULES = YES;
				CLANG_ENABLE_OBJC_ARC = YES;
				CLANG_WARN_BOOL_CONVERSION = YES;
				CLANG_WARN_CONSTANT_CONVERSION = YES;
				CLANG_WARN_DIRECT_OBJC_ISA_USAGE = YES_ERROR;
				CLANG_WARN_EMPTY_BODY = YES;
				CLANG_WARN_ENUM_CONVERSION = YES;
				CLANG_WARN_INT_CONVERSION = YES;
				CLANG_WARN_OBJC_ROOT_CLASS = YES_ERROR;
				CLANG_WARN__DUPLICATE_METHOD_MATCH = YES;
				"CODE_SIGN_IDENTITY[sdk=iphoneos*]" = "iPhone Developer";
				COPY_PHASE_STRIP = YES;
				ENABLE_NS_ASSERTIONS = NO;
				GCC_C_LANGUAGE_STANDARD = gnu99;
				GCC_WARN_64_TO_32_BIT_CONVERSION = YES;
				GCC_WARN_ABOUT_RETURN_TYPE = YES_ERROR;
				GCC_WARN_UNDECLARED_SELECTOR = YES;
				GCC_WARN_UNINITIALIZED_AUTOS = YES_AGGRESSIVE;
				GCC_WARN_UNUSED_FUNCTION = YES;
				GCC_WARN_UNUSED_VARIABLE = YES;
				IPHONEOS_DEPLOYMENT_TARGET = 7.1;
				SDKROOT = iphoneos;
				VALIDATE_PRODUCT = YES;
			};
			name = Release;
		};
		F52F3A47196AE9F800D7901E /* Debug */ = {
			isa = XCBuildConfiguration;
			buildSettings = {
				ASSETCATALOG_COMPILER_APPICON_NAME = AppIcon;
				ASSETCATALOG_COMPILER_LAUNCHIMAGE_NAME = LaunchImage;
				GCC_PRECOMPILE_PREFIX_HEADER = YES;
				GCC_PREFIX_HEADER = "ieda/ieda-Prefix.pch";
				INFOPLIST_FILE = "ieda/ieda-Info.plist";
				PRODUCT_NAME = "$(TARGET_NAME)";
				WRAPPER_EXTENSION = app;
			};
			name = Debug;
		};
		F52F3A48196AE9F800D7901E /* Release */ = {
			isa = XCBuildConfiguration;
			buildSettings = {
				ASSETCATALOG_COMPILER_APPICON_NAME = AppIcon;
				ASSETCATALOG_COMPILER_LAUNCHIMAGE_NAME = LaunchImage;
				GCC_PRECOMPILE_PREFIX_HEADER = YES;
				GCC_PREFIX_HEADER = "ieda/ieda-Prefix.pch";
				INFOPLIST_FILE = "ieda/ieda-Info.plist";
				PRODUCT_NAME = "$(TARGET_NAME)";
				WRAPPER_EXTENSION = app;
			};
			name = Release;
		};
		F52F3A4A196AE9F800D7901E /* Debug */ = {
			isa = XCBuildConfiguration;
			buildSettings = {
				BUNDLE_LOADER = "$(BUILT_PRODUCTS_DIR)/ieda.app/ieda";
				FRAMEWORK_SEARCH_PATHS = (
					"$(SDKROOT)/Developer/Library/Frameworks",
					"$(inherited)",
					"$(DEVELOPER_FRAMEWORKS_DIR)",
				);
				GCC_PRECOMPILE_PREFIX_HEADER = YES;
				GCC_PREFIX_HEADER = "ieda/ieda-Prefix.pch";
				GCC_PREPROCESSOR_DEFINITIONS = (
					"DEBUG=1",
					"$(inherited)",
				);
				INFOPLIST_FILE = "iedaTests/iedaTests-Info.plist";
				PRODUCT_NAME = "$(TARGET_NAME)";
				TEST_HOST = "$(BUNDLE_LOADER)";
				WRAPPER_EXTENSION = xctest;
			};
			name = Debug;
		};
		F52F3A4B196AE9F800D7901E /* Release */ = {
			isa = XCBuildConfiguration;
			buildSettings = {
				BUNDLE_LOADER = "$(BUILT_PRODUCTS_DIR)/ieda.app/ieda";
				FRAMEWORK_SEARCH_PATHS = (
					"$(SDKROOT)/Developer/Library/Frameworks",
					"$(inherited)",
					"$(DEVELOPER_FRAMEWORKS_DIR)",
				);
				GCC_PRECOMPILE_PREFIX_HEADER = YES;
				GCC_PREFIX_HEADER = "ieda/ieda-Prefix.pch";
				INFOPLIST_FILE = "iedaTests/iedaTests-Info.plist";
				PRODUCT_NAME = "$(TARGET_NAME)";
				TEST_HOST = "$(BUNDLE_LOADER)";
				WRAPPER_EXTENSION = xctest;
			};
			name = Release;
		};
/* End XCBuildConfiguration section */

/* Begin XCConfigurationList section */
		F52F3A09196AE9F800D7901E /* Build configuration list for PBXProject "ieda" */ = {
			isa = XCConfigurationList;
			buildConfigurations = (
				F52F3A44196AE9F800D7901E /* Debug */,
				F52F3A45196AE9F800D7901E /* Release */,
			);
			defaultConfigurationIsVisible = 0;
			defaultConfigurationName = Release;
		};
		F52F3A46196AE9F800D7901E /* Build configuration list for PBXNativeTarget "ieda" */ = {
			isa = XCConfigurationList;
			buildConfigurations = (
				F52F3A47196AE9F800D7901E /* Debug */,
				F52F3A48196AE9F800D7901E /* Release */,
			);
			defaultConfigurationIsVisible = 0;
		};
		F52F3A49196AE9F800D7901E /* Build configuration list for PBXNativeTarget "iedaTests" */ = {
			isa = XCConfigurationList;
			buildConfigurations = (
				F52F3A4A196AE9F800D7901E /* Debug */,
				F52F3A4B196AE9F800D7901E /* Release */,
			);
			defaultConfigurationIsVisible = 0;
		};
/* End XCConfigurationList section */
	};
	rootObject = F52F3A06196AE9F800D7901E /* Project object */;
}
